{
  "nodes": {
    "direnv-nvim-src": {
      "flake": false,
      "locked": {
        "lastModified": 1782680771,
        "narHash": "sha256-b5PpmkYWaDGLNcu+36tRR5ycATHYBjs9WrV8/jfmooQ=",
        "owner": "NotAShelf",
        "repo": "direnv.nvim",
        "rev": "9258f9f10c4c729d8296fce0e3ecb12543daad06",
        "type": "github"
      },
      "original": {
        "owner": "NotAShelf",
        "repo": "direnv.nvim",
        "type": "github"
      }
    },
    "flake-parts": {
      "inputs": {
        "nixpkgs-lib": [
          "neovim",
          "nixpkgs"
        ]
      },
      "locked": {
        "lastModified": 1788450739,
        "narHash": "sha256-glZLQlzIn1fXH6PazR2iUmTo7kzzyYSshrWhLS9TqCU=",
        "owner": "hercules-ci",
        "repo": "flake-parts",
        "rev": "31729ca8cbdb4fa927b34e5f4353e6a83f39e993",
        "type": "github"
      },
      "original": {
        "owner": "hercules-ci",
        "repo": "flake-parts",
        "type": "github"
      }
    },
    "ltex-ls-nvim-src": {
      "flake": false,
      "locked": {
        "lastModified": 1725970128,
        "narHash": "sha256-uiDzru2+A01m5CONN+z9URB+Skw6ESXWl0FSAJxgzqg=",
        "owner": "vigoux",
        "repo": "ltex-ls.nvim",
        "rev": "968eac261279d88d7f1ed556aa2dbc535a7489fe",
        "type": "github"
      },
      "original": {
        "owner": "vigoux",
        "repo": "ltex-ls.nvim",
        "type": "github"
      }
    },
    "neominimap-nvim-src": {
      "flake": false,
      "locked": {
        "lastModified": 1775964467,
        "narHash": "sha256-EcV/mdleyopQsJ/t/Whl6Yf/2ORb9rnhHuc2Ue1E1Bw=",
        "owner": "Isrothy",
        "repo": "neominimap.nvim",
        "rev": "0676085d898019f06044923934e38663f5efa290",
        "type": "github"
      },
      "original": {
        "owner": "Isrothy",
        "repo": "neominimap.nvim",
        "type": "github"
      }
    },
    "neovim": {
      "inputs": {
        "flake-parts": "flake-parts",
        "neovim-src": "neovim-src",
        "nixpkgs": [
          "nixpkgs"
        ]
      },
      "locked": {
        "lastModified": 1788825759,
        "narHash": "sha256-+MavlPFPQWlZQC6aiXKkXHlXgprCsA3xfP1i/KqMAeE=",
        "owner": "nix-community",
        "repo": "neovim-nightly-overlay",
        "rev": "924e2b8734b67d46d24c191303c0be69436ec862",
        "type": "github"
      },
      "original": {
        "owner": "nix-community",
        "repo": "neovim-nightly-overlay",
        "type": "github"
      }
    },
    "neovim-src": {
      "flake": false,
      "locked": {
        "lastModified": 1788808260,
        "narHash": "sha256-VqOosQPqvhzbsujh/gLesubc1FOjHGVV9+P//4HbM9o=",
        "owner": "neovim",
        "repo": "neovim",
        "rev": "8d5ebdf986226e182b26f9590e65f2ad678b1ca3",
        "type": "github"
      },
      "original": {
        "owner": "neovim",
        "repo": "neovim",
        "type": "github"
      }
    },
    "nixpkgs": {
      "locked": {
        "lastModified": 1788752844,
        "narHash": "sha256-VaWGJ6+cIYN2erfSecbRV+4ljI185Ty2wUrXyvQbgOw=",
        "owner": "nixos",
        "repo": "nixpkgs",
        "rev": "dc5d91f840324650bac8c379428c7037a416959a",
        "type": "github"
      },
      "original": {
        "owner": "nixos",
        "ref": "nixos-unstable",
        "repo": "nixpkgs",
        "type": "github"
      }
    },
    "root": {
      "inputs": {
        "direnv-nvim-src": "direnv-nvim-src",
        "ltex-ls-nvim-src": "ltex-ls-nvim-src",
        "neominimap-nvim-src": "neominimap-nvim-src",
        "neovim": "neovim",
        "nixpkgs": "nixpkgs"
      }
    }
  },
  "root": "root",
  "version": 7
}
