{
  "nodes": {
    "direnv-nvim-src": {
      "flake": false,
      "locked": {
        "lastModified": 1782680771,
        "narHash": "sha256-b5PpmkYWaDGLNcu+36tRR5ycATHYBjs9WrV8/jfmooQ=",
        "owner": "NotAShelf",
        "repo": "direnv.nvim",
        "rev": "9258f9f10c4c729d8296fce0e3ecb12543daad06",
        "type": "github"
      },
      "original": {
        "owner": "NotAShelf",
        "repo": "direnv.nvim",
        "type": "github"
      }
    },
    "flake-parts": {
      "inputs": {
        "nixpkgs-lib": [
          "neovim",
          "nixpkgs"
        ]
      },
      "locked": {
        "lastModified": 1788450739,
        "narHash": "sha256-glZLQlzIn1fXH6PazR2iUmTo7kzzyYSshrWhLS9TqCU=",
        "owner": "hercules-ci",
        "repo": "flake-parts",
        "rev": "31729ca8cbdb4fa927b34e5f4353e6a83f39e993",
        "type": "github"
      },
      "original": {
        "owner": "hercules-ci",
        "repo": "flake-parts",
        "type": "github"
      }
    },
    "ltex-ls-nvim-src": {
      "flake": false,
      "locked": {
        "lastModified": 1725970128,
        "narHash": "sha256-uiDzru2+A01m5CONN+z9URB+Skw6ESXWl0FSAJxgzqg=",
        "owner": "vigoux",
        "repo": "ltex-ls.nvim",
        "rev": "968eac261279d88d7f1ed556aa2dbc535a7489fe",
        "type": "github"
      },
      "original": {
        "owner": "vigoux",
        "repo": "ltex-ls.nvim",
        "type": "github"
      }
    },
    "neominimap-nvim-src": {
      "flake": false,
      "locked": {
        "lastModified": 1775964467,
        "narHash": "sha256-EcV/mdleyopQsJ/t/Whl6Yf/2ORb9rnhHuc2Ue1E1Bw=",
        "owner": "Isrothy",
        "repo": "neominimap.nvim",
        "rev": "0676085d898019f06044923934e38663f5efa290",
        "type": "github"
      },
      "original": {
        "owner": "Isrothy",
        "repo": "neominimap.nvim",
        "type": "github"
      }
    },
    "neovim": {
      "inputs": {
        "flake-parts": "flake-parts",
        "neovim-src": "neovim-src",
        "nixpkgs": [
          "nixpkgs"
        ]
      },
      "locked": {
        "lastModified": 1790640164,
        "narHash": "sha256-K07ZsFAD1psW9EwfHTdYg7HSjZQ7IJjlZ7/P0hFf6Kc=",
        "owner": "nix-community",
        "repo": "neovim-nightly-overlay",
        "rev": "c506b910e52efc4d22c5ec6e325e25584e27a16b",
        "type": "github"
      },
      "original": {
        "owner": "nix-community",
        "repo": "neovim-nightly-overlay",
        "type": "github"
      }
    },
    "neovim-src": {
      "flake": false,
      "locked": {
        "lastModified": 1790605078,
        "narHash": "sha256-Pj/UENo4GhKc3rjSSM/eUKG7GJUNixLO4bTbDXIwU0A=",
        "owner": "neovim",
        "repo": "neovim",
        "rev": "d49bbcf92e5dc1e96bd09fca62fcf7152c459ba8",
        "type": "github"
      },
      "original": {
        "owner": "neovim",
        "repo": "neovim",
        "type": "github"
      }
    },
    "nixpkgs": {
      "locked": {
        "lastModified": 1790578696,
        "narHash": "sha256-ZoxIApko70jCdbH3l20HWXOBaT2HZd87orzd2yJ9dVE=",
        "owner": "nixos",
        "repo": "nixpkgs",
        "rev": "7a0f122f5090cf4c2ade2a13a0e229d4e19ba71f",
        "type": "github"
      },
      "original": {
        "owner": "nixos",
        "ref": "nixos-unstable",
        "repo": "nixpkgs",
        "type": "github"
      }
    },
    "root": {
      "inputs": {
        "direnv-nvim-src": "direnv-nvim-src",
        "ltex-ls-nvim-src": "ltex-ls-nvim-src",
        "neominimap-nvim-src": "neominimap-nvim-src",
        "neovim": "neovim",
        "nixpkgs": "nixpkgs"
      }
    }
  },
  "root": "root",
  "version": 7
}
